
Microsoft Visual Studio Solution File, Format Version 11.00
# Visual Studio 2010
# SharpDevelop 4.4
Project("{F184B08F-C81C-45F6-A57F-5ABD9991F28F}") = "Accounting", "Accounting\Accounting.vbproj", "{E91289A9-66BD-4478-A527-4ECC58F8B857}"
EndProject
Global
	GlobalSection(SolutionConfigurationPlatforms) = preSolution
		Debug|x86 = Debug|x86
		Release|x86 = Release|x86
	EndGlobalSection
	GlobalSection(ProjectConfigurationPlatforms) = postSolution
		{E91289A9-66BD-4478-A527-4ECC58F8B857}.Debug|x86.Build.0 = Debug|x86
		{E91289A9-66BD-4478-A527-4ECC58F8B857}.Debug|x86.ActiveCfg = Debug|x86
		{E91289A9-66BD-4478-A527-4ECC58F8B857}.Release|x86.Build.0 = Release|x86
		{E91289A9-66BD-4478-A527-4ECC58F8B857}.Release|x86.ActiveCfg = Release|x86
	EndGlobalSection
EndGlobal
